
Microsoft Visual Studio Solution File, Format Version 12.00
# Visual Studio Version 17
VisualStudioVersion = 17.8.34330.188
MinimumVisualStudioVersion = 10.0.40219.1
Project("{FAE04EC0-301F-11D3-BF4B-00C04F79EFBC}") = "FlightTDD", "FlightTDD\FlightTDD.csproj", "{A5135A50-A9AD-4A65-B536-4C3EE29D8456}"
EndProject
Project("{FAE04EC0-301F-11D3-BF4B-00C04F79EFBC}") = "Domain.Tests", "Domain.Tests\Domain.Tests.csproj", "{7BFEE8AF-3693-407B-AA2A-48168825CB33}"
EndProject
Global
	GlobalSection(SolutionConfigurationPlatforms) = preSolution
		Debug|Any CPU = Debug|Any CPU
		Release|Any CPU = Release|Any CPU
	EndGlobalSection
	GlobalSection(ProjectConfigurationPlatforms) = postSolution
		{A5135A50-A9AD-4A65-B536-4C3EE29D8456}.Debug|Any CPU.ActiveCfg = Debug|Any CPU
		{A5135A50-A9AD-4A65-B536-4C3EE29D8456}.Debug|Any CPU.Build.0 = Debug|Any CPU
		{A5135A50-A9AD-4A65-B536-4C3EE29D8456}.Release|Any CPU.ActiveCfg = Release|Any CPU
		{A5135A50-A9AD-4A65-B536-4C3EE29D8456}.Release|Any CPU.Build.0 = Release|Any CPU
		{7BFEE8AF-3693-407B-AA2A-48168825CB33}.Debug|Any CPU.ActiveCfg = Debug|Any CPU
		{7BFEE8AF-3693-407B-AA2A-48168825CB33}.Debug|Any CPU.Build.0 = Debug|Any CPU
		{7BFEE8AF-3693-407B-AA2A-48168825CB33}.Release|Any CPU.ActiveCfg = Release|Any CPU
		{7BFEE8AF-3693-407B-AA2A-48168825CB33}.Release|Any CPU.Build.0 = Release|Any CPU
	EndGlobalSection
	GlobalSection(SolutionProperties) = preSolution
		HideSolutionNode = FALSE
	EndGlobalSection
	GlobalSection(ExtensibilityGlobals) = postSolution
		SolutionGuid = {AF2A7228-896A-44A0-AECC-B17F6D2AC7CF}
	EndGlobalSection
EndGlobal
